
Microsoft Visual Studio Solution File, Format Version 12.00
# Visual Studio Version 16
VisualStudioVersion = 16.0.29613.14
MinimumVisualStudioVersion = 10.0.40219.1
Project("{FAE04EC0-301F-11D3-BF4B-00C04F79EFBC}") = "TASSysMon", "TASSysMon.csproj", "{AC460983-838C-4C0D-82AB-7163259D9AC5}"
EndProject
Global
	GlobalSection(SolutionConfigurationPlatforms) = preSolution
		Debug|Any CPU = Debug|Any CPU
		Release|Any CPU = Release|Any CPU
	EndGlobalSection
	GlobalSection(ProjectConfigurationPlatforms) = postSolution
		{AC460983-838C-4C0D-82AB-7163259D9AC5}.Debug|Any CPU.ActiveCfg = Debug|Any CPU
		{AC460983-838C-4C0D-82AB-7163259D9AC5}.Debug|Any CPU.Build.0 = Debug|Any CPU
		{AC460983-838C-4C0D-82AB-7163259D9AC5}.Release|Any CPU.ActiveCfg = Release|Any CPU
		{AC460983-838C-4C0D-82AB-7163259D9AC5}.Release|Any CPU.Build.0 = Release|Any CPU
	EndGlobalSection
	GlobalSection(SolutionProperties) = preSolution
		HideSolutionNode = FALSE
	EndGlobalSection
	GlobalSection(ExtensibilityGlobals) = postSolution
		SolutionGuid = {F1B04DED-FDC1-40F0-A747-F8885C89C8C4}
	EndGlobalSection
EndGlobal
